
Microsoft Visual Studio Solution File, Format Version 12.00
# Visual Studio Version 17
VisualStudioVersion = 17.0.31903.59
MinimumVisualStudioVersion = 10.0.40219.1
Project("{FAE04EC0-301F-11D3-BF4B-00C04F79EFBC}") = "Domain", "Domain\Domain.csproj", "{4F58DB2A-C19E-4DDC-A715-5AE7DF038949}"
EndProject
Project("{FAE04EC0-301F-11D3-BF4B-00C04F79EFBC}") = "Persistence", "Persistence\Persistence.csproj", "{71DF36F0-A1CF-434D-BB5F-BC58FC993391}"
EndProject
Project("{FAE04EC0-301F-11D3-BF4B-00C04F79EFBC}") = "APP", "APP\APP.csproj", "{7F872EB6-3222-41E0-B617-6029386BF965}"
EndProject
Project("{FAE04EC0-301F-11D3-BF4B-00C04F79EFBC}") = "API", "API\API.csproj", "{011F1D7D-AF00-4571-9E96-7B3BECBB32D5}"
EndProject
Global
	GlobalSection(SolutionConfigurationPlatforms) = preSolution
		Debug|Any CPU = Debug|Any CPU
		Release|Any CPU = Release|Any CPU
	EndGlobalSection
	GlobalSection(SolutionProperties) = preSolution
		HideSolutionNode = FALSE
	EndGlobalSection
	GlobalSection(ProjectConfigurationPlatforms) = postSolution
		{4F58DB2A-C19E-4DDC-A715-5AE7DF038949}.Debug|Any CPU.ActiveCfg = Debug|Any CPU
		{4F58DB2A-C19E-4DDC-A715-5AE7DF038949}.Debug|Any CPU.Build.0 = Debug|Any CPU
		{4F58DB2A-C19E-4DDC-A715-5AE7DF038949}.Release|Any CPU.ActiveCfg = Release|Any CPU
		{4F58DB2A-C19E-4DDC-A715-5AE7DF038949}.Release|Any CPU.Build.0 = Release|Any CPU
		{71DF36F0-A1CF-434D-BB5F-BC58FC993391}.Debug|Any CPU.ActiveCfg = Debug|Any CPU
		{71DF36F0-A1CF-434D-BB5F-BC58FC993391}.Debug|Any CPU.Build.0 = Debug|Any CPU
		{71DF36F0-A1CF-434D-BB5F-BC58FC993391}.Release|Any CPU.ActiveCfg = Release|Any CPU
		{71DF36F0-A1CF-434D-BB5F-BC58FC993391}.Release|Any CPU.Build.0 = Release|Any CPU
		{7F872EB6-3222-41E0-B617-6029386BF965}.Debug|Any CPU.ActiveCfg = Debug|Any CPU
		{7F872EB6-3222-41E0-B617-6029386BF965}.Debug|Any CPU.Build.0 = Debug|Any CPU
		{7F872EB6-3222-41E0-B617-6029386BF965}.Release|Any CPU.ActiveCfg = Release|Any CPU
		{7F872EB6-3222-41E0-B617-6029386BF965}.Release|Any CPU.Build.0 = Release|Any CPU
		{011F1D7D-AF00-4571-9E96-7B3BECBB32D5}.Debug|Any CPU.ActiveCfg = Debug|Any CPU
		{011F1D7D-AF00-4571-9E96-7B3BECBB32D5}.Debug|Any CPU.Build.0 = Debug|Any CPU
		{011F1D7D-AF00-4571-9E96-7B3BECBB32D5}.Release|Any CPU.ActiveCfg = Release|Any CPU
		{011F1D7D-AF00-4571-9E96-7B3BECBB32D5}.Release|Any CPU.Build.0 = Release|Any CPU
	EndGlobalSection
EndGlobal
